
Microsoft Visual Studio Solution File, Format Version 12.00
# Visual Studio Version 17
VisualStudioVersion = 17.10.35027.167
MinimumVisualStudioVersion = 10.0.40219.1
Project("{9A19103F-16F7-4668-BE54-9A1E7A4F7556}") = "BoothHolder", "BoothHolder\BoothHolder.csproj", "{C3602D5B-9D89-4CBC-A2B1-5B8B40F28749}"
	ProjectSection(ProjectDependencies) = postProject
		{C9B8D9FE-8078-49BC-B4B5-E1A4A2FDA180} = {C9B8D9FE-8078-49BC-B4B5-E1A4A2FDA180}
	EndProjectSection
EndProject
Project("{9A19103F-16F7-4668-BE54-9A1E7A4F7556}") = "BoothHolder.Model", "BoothHolder.Model\BoothHolder.Model.csproj", "{CFC90967-416B-4417-AF5E-A79A5B87030C}"
EndProject
Project("{9A19103F-16F7-4668-BE54-9A1E7A4F7556}") = "BoothHolder.Extensions", "BoothHolder.Extensions\BoothHolder.Extensions.csproj", "{C9B8D9FE-8078-49BC-B4B5-E1A4A2FDA180}"
	ProjectSection(ProjectDependencies) = postProject
		{65EAB1BC-4548-419F-85E2-D507C3178AD3} = {65EAB1BC-4548-419F-85E2-D507C3178AD3}
	EndProjectSection
EndProject
Project("{9A19103F-16F7-4668-BE54-9A1E7A4F7556}") = "BoothHolder.Common", "BoothHolder.Common\BoothHolder.Common.csproj", "{B3061A65-5F4E-4F73-99E3-CE46344506E2}"
	ProjectSection(ProjectDependencies) = postProject
		{CFC90967-416B-4417-AF5E-A79A5B87030C} = {CFC90967-416B-4417-AF5E-A79A5B87030C}
	EndProjectSection
EndProject
Project("{9A19103F-16F7-4668-BE54-9A1E7A4F7556}") = "BoothHolder.Service", "BoothHolder.Service\BoothHolder.Service.csproj", "{65EAB1BC-4548-419F-85E2-D507C3178AD3}"
	ProjectSection(ProjectDependencies) = postProject
		{73F974E8-8EA9-498B-8349-1D49FFA8AA75} = {73F974E8-8EA9-498B-8349-1D49FFA8AA75}
	EndProjectSection
EndProject
Project("{9A19103F-16F7-4668-BE54-9A1E7A4F7556}") = "BoothHolder.IService", "BoothHolder.IService\BoothHolder.IService.csproj", "{73F974E8-8EA9-498B-8349-1D49FFA8AA75}"
	ProjectSection(ProjectDependencies) = postProject
		{B3061A65-5F4E-4F73-99E3-CE46344506E2} = {B3061A65-5F4E-4F73-99E3-CE46344506E2}
		{CFC90967-416B-4417-AF5E-A79A5B87030C} = {CFC90967-416B-4417-AF5E-A79A5B87030C}
	EndProjectSection
EndProject
Project("{9A19103F-16F7-4668-BE54-9A1E7A4F7556}") = "BoothHolder.Test", "BoothHolder.Test\BoothHolder.Test.csproj", "{2EF5B301-89F0-4555-83BF-EC78D18DB342}"
EndProject
Project("{9A19103F-16F7-4668-BE54-9A1E7A4F7556}") = "BoothHolder.Repository", "BoothHolder.Repository\BoothHolder.Repository.csproj", "{D6B4AE9A-C88C-48EF-9D4E-2B29D886D044}"
EndProject
Global
	GlobalSection(SolutionConfigurationPlatforms) = preSolution
		Debug|Any CPU = Debug|Any CPU
		Release|Any CPU = Release|Any CPU
	EndGlobalSection
	GlobalSection(ProjectConfigurationPlatforms) = postSolution
		{C3602D5B-9D89-4CBC-A2B1-5B8B40F28749}.Debug|Any CPU.ActiveCfg = Debug|Any CPU
		{C3602D5B-9D89-4CBC-A2B1-5B8B40F28749}.Debug|Any CPU.Build.0 = Debug|Any CPU
		{C3602D5B-9D89-4CBC-A2B1-5B8B40F28749}.Release|Any CPU.ActiveCfg = Release|Any CPU
		{C3602D5B-9D89-4CBC-A2B1-5B8B40F28749}.Release|Any CPU.Build.0 = Release|Any CPU
		{CFC90967-416B-4417-AF5E-A79A5B87030C}.Debug|Any CPU.ActiveCfg = Debug|Any CPU
		{CFC90967-416B-4417-AF5E-A79A5B87030C}.Debug|Any CPU.Build.0 = Debug|Any CPU
		{CFC90967-416B-4417-AF5E-A79A5B87030C}.Release|Any CPU.ActiveCfg = Release|Any CPU
		{CFC90967-416B-4417-AF5E-A79A5B87030C}.Release|Any CPU.Build.0 = Release|Any CPU
		{C9B8D9FE-8078-49BC-B4B5-E1A4A2FDA180}.Debug|Any CPU.ActiveCfg = Debug|Any CPU
		{C9B8D9FE-8078-49BC-B4B5-E1A4A2FDA180}.Debug|Any CPU.Build.0 = Debug|Any CPU
		{C9B8D9FE-8078-49BC-B4B5-E1A4A2FDA180}.Release|Any CPU.ActiveCfg = Release|Any CPU
		{C9B8D9FE-8078-49BC-B4B5-E1A4A2FDA180}.Release|Any CPU.Build.0 = Release|Any CPU
		{B3061A65-5F4E-4F73-99E3-CE46344506E2}.Debug|Any CPU.ActiveCfg = Debug|Any CPU
		{B3061A65-5F4E-4F73-99E3-CE46344506E2}.Debug|Any CPU.Build.0 = Debug|Any CPU
		{B3061A65-5F4E-4F73-99E3-CE46344506E2}.Release|Any CPU.ActiveCfg = Release|Any CPU
		{B3061A65-5F4E-4F73-99E3-CE46344506E2}.Release|Any CPU.Build.0 = Release|Any CPU
		{65EAB1BC-4548-419F-85E2-D507C3178AD3}.Debug|Any CPU.ActiveCfg = Debug|Any CPU
		{65EAB1BC-4548-419F-85E2-D507C3178AD3}.Debug|Any CPU.Build.0 = Debug|Any CPU
		{65EAB1BC-4548-419F-85E2-D507C3178AD3}.Release|Any CPU.ActiveCfg = Release|Any CPU
		{65EAB1BC-4548-419F-85E2-D507C3178AD3}.Release|Any CPU.Build.0 = Release|Any CPU
		{73F974E8-8EA9-498B-8349-1D49FFA8AA75}.Debug|Any CPU.ActiveCfg = Debug|Any CPU
		{73F974E8-8EA9-498B-8349-1D49FFA8AA75}.Debug|Any CPU.Build.0 = Debug|Any CPU
		{73F974E8-8EA9-498B-8349-1D49FFA8AA75}.Release|Any CPU.ActiveCfg = Release|Any CPU
		{73F974E8-8EA9-498B-8349-1D49FFA8AA75}.Release|Any CPU.Build.0 = Release|Any CPU
		{2EF5B301-89F0-4555-83BF-EC78D18DB342}.Debug|Any CPU.ActiveCfg = Debug|Any CPU
		{2EF5B301-89F0-4555-83BF-EC78D18DB342}.Debug|Any CPU.Build.0 = Debug|Any CPU
		{2EF5B301-89F0-4555-83BF-EC78D18DB342}.Release|Any CPU.ActiveCfg = Release|Any CPU
		{2EF5B301-89F0-4555-83BF-EC78D18DB342}.Release|Any CPU.Build.0 = Release|Any CPU
		{D6B4AE9A-C88C-48EF-9D4E-2B29D886D044}.Debug|Any CPU.ActiveCfg = Debug|Any CPU
		{D6B4AE9A-C88C-48EF-9D4E-2B29D886D044}.Debug|Any CPU.Build.0 = Debug|Any CPU
		{D6B4AE9A-C88C-48EF-9D4E-2B29D886D044}.Release|Any CPU.ActiveCfg = Release|Any CPU
		{D6B4AE9A-C88C-48EF-9D4E-2B29D886D044}.Release|Any CPU.Build.0 = Release|Any CPU
	EndGlobalSection
	GlobalSection(SolutionProperties) = preSolution
		HideSolutionNode = FALSE
	EndGlobalSection
	GlobalSection(ExtensibilityGlobals) = postSolution
		SolutionGuid = {2972470F-9DC3-415D-B457-8CB8901BEA0B}
	EndGlobalSection
EndGlobal
